
Microsoft Visual Studio Solution File, Format Version 12.00
# Visual Studio Version 17
VisualStudioVersion = 17.9.34723.18
MinimumVisualStudioVersion = 10.0.40219.1
Project("{FAE04EC0-301F-11D3-BF4B-00C04F79EFBC}") = "Dcf.Kids.Reporting.ServiceLibrary", "Dcf.Kids.Reporting.ServiceLibrary\Dcf.Kids.Reporting.ServiceLibrary.csproj", "{052045A8-A2E3-41FC-8674-AEFA6913D080}"
EndProject
Project("{FAE04EC0-301F-11D3-BF4B-00C04F79EFBC}") = "Dcf.Kids.Reporting.Service", "Dcf.Kids.Reporting.Service\Dcf.Kids.Reporting.Service.csproj", "{CF96EFCE-3B72-4220-AE49-BBCB129FBDC6}"
EndProject
Project("{FAE04EC0-301F-11D3-BF4B-00C04F79EFBC}") = "ServiceLibraryTest", "ServiceLibraryTest\ServiceLibraryTest.csproj", "{EE32C800-AA9A-479C-A856-A5742CCBCA6E}"
	ProjectSection(ProjectDependencies) = postProject
		{CF96EFCE-3B72-4220-AE49-BBCB129FBDC6} = {CF96EFCE-3B72-4220-AE49-BBCB129FBDC6}
	EndProjectSection
EndProject
Project("{2150E333-8FDC-42A3-9474-1A3956D46DE8}") = "CrystalReportTemplates", "CrystalReportTemplates", "{50EF790F-E730-452D-B624-740F18CC2234}"
	ProjectSection(SolutionItems) = preProject
		CrystalReportTemplates\LicenseCertJF0103.rpt = CrystalReportTemplates\LicenseCertJF0103.rpt
		CrystalReportTemplates\PaymentCoupon.rpt = CrystalReportTemplates\PaymentCoupon.rpt
		CrystalReportTemplates\PaymentsByCase.rpt = CrystalReportTemplates\PaymentsByCase.rpt
		CrystalReportTemplates\PaymentsByMe.rpt = CrystalReportTemplates\PaymentsByMe.rpt
		CrystalReportTemplates\PaymentsToMe.rpt = CrystalReportTemplates\PaymentsToMe.rpt
		CrystalReportTemplates\R&DFeeCoupon.rpt = CrystalReportTemplates\R&DFeeCoupon.rpt
		CrystalReportTemplates\VitalRecordsDetail.rpt = CrystalReportTemplates\VitalRecordsDetail.rpt
	EndProjectSection
EndProject
Project("{2150E333-8FDC-42A3-9474-1A3956D46DE8}") = "References", "References", "{CC165A08-DED2-47FB-AAB6-625FA88DAC53}"
	ProjectSection(SolutionItems) = preProject
		References\DCF.Enterprise.CertificateEncryption.dll = References\DCF.Enterprise.CertificateEncryption.dll
		References\Dcf.Kids.Framework.Cache.dll = References\Dcf.Kids.Framework.Cache.dll
		References\Dcf.Kids.Framework.Core.dll = References\Dcf.Kids.Framework.Core.dll
		References\Dcf.Kids.Framework.Data.dll = References\Dcf.Kids.Framework.Data.dll
		References\Dcf.Kids.Framework.Net.Ftp.dll = References\Dcf.Kids.Framework.Net.Ftp.dll
		References\Dcf.Kids.Framework.Security.dll = References\Dcf.Kids.Framework.Security.dll
		References\Dcf.Kids.Framework.Xml.dll = References\Dcf.Kids.Framework.Xml.dll
		References\IBM.Data.DB2.dll = References\IBM.Data.DB2.dll
	EndProjectSection
EndProject
Project("{FAE04EC0-301F-11D3-BF4B-00C04F79EFBC}") = "Dcf.Kids.WiKids.Data", "Dcf.Kids.WiKids.Data\Dcf.Kids.WiKids.Data.csproj", "{4455EDBE-E271-44AC-B189-7B05D55D2AE7}"
EndProject
Project("{FAE04EC0-301F-11D3-BF4B-00C04F79EFBC}") = "Dcf.Kids.WiKids.Utility", "Dcf.Kids.WiKids.Utility\Dcf.Kids.WiKids.Utility.csproj", "{08209C7B-565A-45E5-9268-DC9136365730}"
EndProject
Global
	GlobalSection(SolutionConfigurationPlatforms) = preSolution
		Acc|Any CPU = Acc|Any CPU
		Acc|x64 = Acc|x64
		Acceptance|Any CPU = Acceptance|Any CPU
		Acceptance|x64 = Acceptance|x64
		Debug|Any CPU = Debug|Any CPU
		Debug|x64 = Debug|x64
		Dev|Any CPU = Dev|Any CPU
		Dev|x64 = Dev|x64
		Development|Any CPU = Development|Any CPU
		Development|x64 = Development|x64
		Edu|Any CPU = Edu|Any CPU
		Edu|x64 = Edu|x64
		Prd|Any CPU = Prd|Any CPU
		Prd|x64 = Prd|x64
		Release|Any CPU = Release|Any CPU
		Release|x64 = Release|x64
		Sys|Any CPU = Sys|Any CPU
		Sys|x64 = Sys|x64
		System|Any CPU = System|Any CPU
		System|x64 = System|x64
	EndGlobalSection
	GlobalSection(ProjectConfigurationPlatforms) = postSolution
		{052045A8-A2E3-41FC-8674-AEFA6913D080}.Acc|Any CPU.ActiveCfg = Acceptance|Any CPU
		{052045A8-A2E3-41FC-8674-AEFA6913D080}.Acc|Any CPU.Build.0 = Acceptance|Any CPU
		{052045A8-A2E3-41FC-8674-AEFA6913D080}.Acc|x64.ActiveCfg = Acceptance|x64
		{052045A8-A2E3-41FC-8674-AEFA6913D080}.Acc|x64.Build.0 = Acceptance|x64
		{052045A8-A2E3-41FC-8674-AEFA6913D080}.Acceptance|Any CPU.ActiveCfg = Acceptance|Any CPU
		{052045A8-A2E3-41FC-8674-AEFA6913D080}.Acceptance|Any CPU.Build.0 = Acceptance|Any CPU
		{052045A8-A2E3-41FC-8674-AEFA6913D080}.Acceptance|x64.ActiveCfg = Acceptance|x64
		{052045A8-A2E3-41FC-8674-AEFA6913D080}.Acceptance|x64.Build.0 = Acceptance|x64
		{052045A8-A2E3-41FC-8674-AEFA6913D080}.Debug|Any CPU.ActiveCfg = Debug|Any CPU
		{052045A8-A2E3-41FC-8674-AEFA6913D080}.Debug|Any CPU.Build.0 = Debug|Any CPU
		{052045A8-A2E3-41FC-8674-AEFA6913D080}.Debug|x64.ActiveCfg = Debug|x64
		{052045A8-A2E3-41FC-8674-AEFA6913D080}.Debug|x64.Build.0 = Debug|x64
		{052045A8-A2E3-41FC-8674-AEFA6913D080}.Dev|Any CPU.ActiveCfg = Development|Any CPU
		{052045A8-A2E3-41FC-8674-AEFA6913D080}.Dev|Any CPU.Build.0 = Development|Any CPU
		{052045A8-A2E3-41FC-8674-AEFA6913D080}.Dev|x64.ActiveCfg = Development|x64
		{052045A8-A2E3-41FC-8674-AEFA6913D080}.Dev|x64.Build.0 = Development|x64
		{052045A8-A2E3-41FC-8674-AEFA6913D080}.Development|Any CPU.ActiveCfg = Development|Any CPU
		{052045A8-A2E3-41FC-8674-AEFA6913D080}.Development|Any CPU.Build.0 = Development|Any CPU
		{052045A8-A2E3-41FC-8674-AEFA6913D080}.Development|x64.ActiveCfg = Development|x64
		{052045A8-A2E3-41FC-8674-AEFA6913D080}.Development|x64.Build.0 = Development|x64
		{052045A8-A2E3-41FC-8674-AEFA6913D080}.Edu|Any CPU.ActiveCfg = System|Any CPU
		{052045A8-A2E3-41FC-8674-AEFA6913D080}.Edu|Any CPU.Build.0 = System|Any CPU
		{052045A8-A2E3-41FC-8674-AEFA6913D080}.Edu|x64.ActiveCfg = System|x64
		{052045A8-A2E3-41FC-8674-AEFA6913D080}.Edu|x64.Build.0 = System|x64
		{052045A8-A2E3-41FC-8674-AEFA6913D080}.Prd|Any CPU.ActiveCfg = System|Any CPU
		{052045A8-A2E3-41FC-8674-AEFA6913D080}.Prd|Any CPU.Build.0 = System|Any CPU
		{052045A8-A2E3-41FC-8674-AEFA6913D080}.Prd|x64.ActiveCfg = Prd|x64
		{052045A8-A2E3-41FC-8674-AEFA6913D080}.Prd|x64.Build.0 = Prd|x64
		{052045A8-A2E3-41FC-8674-AEFA6913D080}.Release|Any CPU.ActiveCfg = Release|Any CPU
		{052045A8-A2E3-41FC-8674-AEFA6913D080}.Release|Any CPU.Build.0 = Release|Any CPU
		{052045A8-A2E3-41FC-8674-AEFA6913D080}.Release|x64.ActiveCfg = Release|x64
		{052045A8-A2E3-41FC-8674-AEFA6913D080}.Release|x64.Build.0 = Release|x64
		{052045A8-A2E3-41FC-8674-AEFA6913D080}.Sys|Any CPU.ActiveCfg = System|Any CPU
		{052045A8-A2E3-41FC-8674-AEFA6913D080}.Sys|Any CPU.Build.0 = System|Any CPU
		{052045A8-A2E3-41FC-8674-AEFA6913D080}.Sys|x64.ActiveCfg = System|x64
		{052045A8-A2E3-41FC-8674-AEFA6913D080}.Sys|x64.Build.0 = System|x64
		{052045A8-A2E3-41FC-8674-AEFA6913D080}.System|Any CPU.ActiveCfg = System|Any CPU
		{052045A8-A2E3-41FC-8674-AEFA6913D080}.System|Any CPU.Build.0 = System|Any CPU
		{052045A8-A2E3-41FC-8674-AEFA6913D080}.System|x64.ActiveCfg = System|x64
		{052045A8-A2E3-41FC-8674-AEFA6913D080}.System|x64.Build.0 = System|x64
		{CF96EFCE-3B72-4220-AE49-BBCB129FBDC6}.Acc|Any CPU.ActiveCfg = Acceptance|Any CPU
		{CF96EFCE-3B72-4220-AE49-BBCB129FBDC6}.Acc|Any CPU.Build.0 = Acceptance|Any CPU
		{CF96EFCE-3B72-4220-AE49-BBCB129FBDC6}.Acc|x64.ActiveCfg = Acceptance|x64
		{CF96EFCE-3B72-4220-AE49-BBCB129FBDC6}.Acc|x64.Build.0 = Acceptance|x64
		{CF96EFCE-3B72-4220-AE49-BBCB129FBDC6}.Acceptance|Any CPU.ActiveCfg = Acceptance|Any CPU
		{CF96EFCE-3B72-4220-AE49-BBCB129FBDC6}.Acceptance|Any CPU.Build.0 = Acceptance|Any CPU
		{CF96EFCE-3B72-4220-AE49-BBCB129FBDC6}.Acceptance|x64.ActiveCfg = Acceptance|x64
		{CF96EFCE-3B72-4220-AE49-BBCB129FBDC6}.Acceptance|x64.Build.0 = Acceptance|x64
		{CF96EFCE-3B72-4220-AE49-BBCB129FBDC6}.Debug|Any CPU.ActiveCfg = Debug|Any CPU
		{CF96EFCE-3B72-4220-AE49-BBCB129FBDC6}.Debug|Any CPU.Build.0 = Debug|Any CPU
		{CF96EFCE-3B72-4220-AE49-BBCB129FBDC6}.Debug|x64.ActiveCfg = Debug|x64
		{CF96EFCE-3B72-4220-AE49-BBCB129FBDC6}.Debug|x64.Build.0 = Debug|x64
		{CF96EFCE-3B72-4220-AE49-BBCB129FBDC6}.Dev|Any CPU.ActiveCfg = Development|Any CPU
		{CF96EFCE-3B72-4220-AE49-BBCB129FBDC6}.Dev|Any CPU.Build.0 = Development|Any CPU
		{CF96EFCE-3B72-4220-AE49-BBCB129FBDC6}.Dev|x64.ActiveCfg = Development|x64
		{CF96EFCE-3B72-4220-AE49-BBCB129FBDC6}.Dev|x64.Build.0 = Development|x64
		{CF96EFCE-3B72-4220-AE49-BBCB129FBDC6}.Development|Any CPU.ActiveCfg = Development|Any CPU
		{CF96EFCE-3B72-4220-AE49-BBCB129FBDC6}.Development|Any CPU.Build.0 = Development|Any CPU
		{CF96EFCE-3B72-4220-AE49-BBCB129FBDC6}.Development|x64.ActiveCfg = Development|x64
		{CF96EFCE-3B72-4220-AE49-BBCB129FBDC6}.Development|x64.Build.0 = Development|x64
		{CF96EFCE-3B72-4220-AE49-BBCB129FBDC6}.Edu|Any CPU.ActiveCfg = System|Any CPU
		{CF96EFCE-3B72-4220-AE49-BBCB129FBDC6}.Edu|Any CPU.Build.0 = System|Any CPU
		{CF96EFCE-3B72-4220-AE49-BBCB129FBDC6}.Edu|x64.ActiveCfg = System|x64
		{CF96EFCE-3B72-4220-AE49-BBCB129FBDC6}.Edu|x64.Build.0 = System|x64
		{CF96EFCE-3B72-4220-AE49-BBCB129FBDC6}.Prd|Any CPU.ActiveCfg = System|Any CPU
		{CF96EFCE-3B72-4220-AE49-BBCB129FBDC6}.Prd|Any CPU.Build.0 = System|Any CPU
		{CF96EFCE-3B72-4220-AE49-BBCB129FBDC6}.Prd|x64.ActiveCfg = Prd|x64
		{CF96EFCE-3B72-4220-AE49-BBCB129FBDC6}.Prd|x64.Build.0 = Prd|x64
		{CF96EFCE-3B72-4220-AE49-BBCB129FBDC6}.Release|Any CPU.ActiveCfg = Release|Any CPU
		{CF96EFCE-3B72-4220-AE49-BBCB129FBDC6}.Release|Any CPU.Build.0 = Release|Any CPU
		{CF96EFCE-3B72-4220-AE49-BBCB129FBDC6}.Release|x64.ActiveCfg = Release|x64
		{CF96EFCE-3B72-4220-AE49-BBCB129FBDC6}.Release|x64.Build.0 = Release|x64
		{CF96EFCE-3B72-4220-AE49-BBCB129FBDC6}.Sys|Any CPU.ActiveCfg = System|Any CPU
		{CF96EFCE-3B72-4220-AE49-BBCB129FBDC6}.Sys|Any CPU.Build.0 = System|Any CPU
		{CF96EFCE-3B72-4220-AE49-BBCB129FBDC6}.Sys|x64.ActiveCfg = System|x64
		{CF96EFCE-3B72-4220-AE49-BBCB129FBDC6}.Sys|x64.Build.0 = System|x64
		{CF96EFCE-3B72-4220-AE49-BBCB129FBDC6}.System|Any CPU.ActiveCfg = System|Any CPU
		{CF96EFCE-3B72-4220-AE49-BBCB129FBDC6}.System|Any CPU.Build.0 = System|Any CPU
		{CF96EFCE-3B72-4220-AE49-BBCB129FBDC6}.System|x64.ActiveCfg = System|x64
		{CF96EFCE-3B72-4220-AE49-BBCB129FBDC6}.System|x64.Build.0 = System|x64
		{EE32C800-AA9A-479C-A856-A5742CCBCA6E}.Acc|Any CPU.ActiveCfg = Acceptance|Any CPU
		{EE32C800-AA9A-479C-A856-A5742CCBCA6E}.Acc|Any CPU.Build.0 = Acceptance|Any CPU
		{EE32C800-AA9A-479C-A856-A5742CCBCA6E}.Acc|x64.ActiveCfg = Acceptance|x64
		{EE32C800-AA9A-479C-A856-A5742CCBCA6E}.Acc|x64.Build.0 = Acceptance|x64
		{EE32C800-AA9A-479C-A856-A5742CCBCA6E}.Acceptance|Any CPU.ActiveCfg = Acceptance|Any CPU
		{EE32C800-AA9A-479C-A856-A5742CCBCA6E}.Acceptance|Any CPU.Build.0 = Acceptance|Any CPU
		{EE32C800-AA9A-479C-A856-A5742CCBCA6E}.Acceptance|x64.ActiveCfg = Acceptance|x64
		{EE32C800-AA9A-479C-A856-A5742CCBCA6E}.Acceptance|x64.Build.0 = Acceptance|x64
		{EE32C800-AA9A-479C-A856-A5742CCBCA6E}.Debug|Any CPU.ActiveCfg = Debug|Any CPU
		{EE32C800-AA9A-479C-A856-A5742CCBCA6E}.Debug|Any CPU.Build.0 = Debug|Any CPU
		{EE32C800-AA9A-479C-A856-A5742CCBCA6E}.Debug|x64.ActiveCfg = Debug|x64
		{EE32C800-AA9A-479C-A856-A5742CCBCA6E}.Debug|x64.Build.0 = Debug|x64
		{EE32C800-AA9A-479C-A856-A5742CCBCA6E}.Dev|Any CPU.ActiveCfg = Development|Any CPU
		{EE32C800-AA9A-479C-A856-A5742CCBCA6E}.Dev|Any CPU.Build.0 = Development|Any CPU
		{EE32C800-AA9A-479C-A856-A5742CCBCA6E}.Dev|x64.ActiveCfg = Development|x64
		{EE32C800-AA9A-479C-A856-A5742CCBCA6E}.Dev|x64.Build.0 = Development|x64
		{EE32C800-AA9A-479C-A856-A5742CCBCA6E}.Development|Any CPU.ActiveCfg = Development|Any CPU
		{EE32C800-AA9A-479C-A856-A5742CCBCA6E}.Development|Any CPU.Build.0 = Development|Any CPU
		{EE32C800-AA9A-479C-A856-A5742CCBCA6E}.Development|x64.ActiveCfg = Development|x64
		{EE32C800-AA9A-479C-A856-A5742CCBCA6E}.Development|x64.Build.0 = Development|x64
		{EE32C800-AA9A-479C-A856-A5742CCBCA6E}.Edu|Any CPU.ActiveCfg = System|Any CPU
		{EE32C800-AA9A-479C-A856-A5742CCBCA6E}.Edu|Any CPU.Build.0 = System|Any CPU
		{EE32C800-AA9A-479C-A856-A5742CCBCA6E}.Edu|x64.ActiveCfg = System|x64
		{EE32C800-AA9A-479C-A856-A5742CCBCA6E}.Edu|x64.Build.0 = System|x64
		{EE32C800-AA9A-479C-A856-A5742CCBCA6E}.Prd|Any CPU.ActiveCfg = System|Any CPU
		{EE32C800-AA9A-479C-A856-A5742CCBCA6E}.Prd|Any CPU.Build.0 = System|Any CPU
		{EE32C800-AA9A-479C-A856-A5742CCBCA6E}.Prd|x64.ActiveCfg = Debug|x64
		{EE32C800-AA9A-479C-A856-A5742CCBCA6E}.Release|Any CPU.ActiveCfg = Release|Any CPU
		{EE32C800-AA9A-479C-A856-A5742CCBCA6E}.Release|Any CPU.Build.0 = Release|Any CPU
		{EE32C800-AA9A-479C-A856-A5742CCBCA6E}.Release|x64.ActiveCfg = Release|x64
		{EE32C800-AA9A-479C-A856-A5742CCBCA6E}.Sys|Any CPU.ActiveCfg = System|Any CPU
		{EE32C800-AA9A-479C-A856-A5742CCBCA6E}.Sys|Any CPU.Build.0 = System|Any CPU
		{EE32C800-AA9A-479C-A856-A5742CCBCA6E}.Sys|x64.ActiveCfg = System|x64
		{EE32C800-AA9A-479C-A856-A5742CCBCA6E}.Sys|x64.Build.0 = System|x64
		{EE32C800-AA9A-479C-A856-A5742CCBCA6E}.System|Any CPU.ActiveCfg = System|Any CPU
		{EE32C800-AA9A-479C-A856-A5742CCBCA6E}.System|Any CPU.Build.0 = System|Any CPU
		{EE32C800-AA9A-479C-A856-A5742CCBCA6E}.System|x64.ActiveCfg = System|x64
		{EE32C800-AA9A-479C-A856-A5742CCBCA6E}.System|x64.Build.0 = System|x64
		{4455EDBE-E271-44AC-B189-7B05D55D2AE7}.Acc|Any CPU.ActiveCfg = Acc|Any CPU
		{4455EDBE-E271-44AC-B189-7B05D55D2AE7}.Acc|Any CPU.Build.0 = Acc|Any CPU
		{4455EDBE-E271-44AC-B189-7B05D55D2AE7}.Acc|x64.ActiveCfg = Acc|x64
		{4455EDBE-E271-44AC-B189-7B05D55D2AE7}.Acc|x64.Build.0 = Acc|x64
		{4455EDBE-E271-44AC-B189-7B05D55D2AE7}.Acceptance|Any CPU.ActiveCfg = Acc|Any CPU
		{4455EDBE-E271-44AC-B189-7B05D55D2AE7}.Acceptance|Any CPU.Build.0 = Acc|Any CPU
		{4455EDBE-E271-44AC-B189-7B05D55D2AE7}.Acceptance|x64.ActiveCfg = Acc|x64
		{4455EDBE-E271-44AC-B189-7B05D55D2AE7}.Acceptance|x64.Build.0 = Acc|x64
		{4455EDBE-E271-44AC-B189-7B05D55D2AE7}.Debug|Any CPU.ActiveCfg = Debug|Any CPU
		{4455EDBE-E271-44AC-B189-7B05D55D2AE7}.Debug|Any CPU.Build.0 = Debug|Any CPU
		{4455EDBE-E271-44AC-B189-7B05D55D2AE7}.Debug|x64.ActiveCfg = Debug|x64
		{4455EDBE-E271-44AC-B189-7B05D55D2AE7}.Debug|x64.Build.0 = Debug|x64
		{4455EDBE-E271-44AC-B189-7B05D55D2AE7}.Dev|Any CPU.ActiveCfg = Dev|Any CPU
		{4455EDBE-E271-44AC-B189-7B05D55D2AE7}.Dev|Any CPU.Build.0 = Dev|Any CPU
		{4455EDBE-E271-44AC-B189-7B05D55D2AE7}.Dev|x64.ActiveCfg = Dev|x64
		{4455EDBE-E271-44AC-B189-7B05D55D2AE7}.Dev|x64.Build.0 = Dev|x64
		{4455EDBE-E271-44AC-B189-7B05D55D2AE7}.Development|Any CPU.ActiveCfg = Development|Any CPU
		{4455EDBE-E271-44AC-B189-7B05D55D2AE7}.Development|Any CPU.Build.0 = Development|Any CPU
		{4455EDBE-E271-44AC-B189-7B05D55D2AE7}.Development|x64.ActiveCfg = Development|x64
		{4455EDBE-E271-44AC-B189-7B05D55D2AE7}.Development|x64.Build.0 = Development|x64
		{4455EDBE-E271-44AC-B189-7B05D55D2AE7}.Edu|Any CPU.ActiveCfg = Edu|Any CPU
		{4455EDBE-E271-44AC-B189-7B05D55D2AE7}.Edu|Any CPU.Build.0 = Edu|Any CPU
		{4455EDBE-E271-44AC-B189-7B05D55D2AE7}.Edu|x64.ActiveCfg = Edu|x64
		{4455EDBE-E271-44AC-B189-7B05D55D2AE7}.Edu|x64.Build.0 = Edu|x64
		{4455EDBE-E271-44AC-B189-7B05D55D2AE7}.Prd|Any CPU.ActiveCfg = Prd|Any CPU
		{4455EDBE-E271-44AC-B189-7B05D55D2AE7}.Prd|Any CPU.Build.0 = Prd|Any CPU
		{4455EDBE-E271-44AC-B189-7B05D55D2AE7}.Prd|x64.ActiveCfg = Prd|x64
		{4455EDBE-E271-44AC-B189-7B05D55D2AE7}.Prd|x64.Build.0 = Prd|x64
		{4455EDBE-E271-44AC-B189-7B05D55D2AE7}.Release|Any CPU.ActiveCfg = Release|Any CPU
		{4455EDBE-E271-44AC-B189-7B05D55D2AE7}.Release|Any CPU.Build.0 = Release|Any CPU
		{4455EDBE-E271-44AC-B189-7B05D55D2AE7}.Release|x64.ActiveCfg = Release|x64
		{4455EDBE-E271-44AC-B189-7B05D55D2AE7}.Release|x64.Build.0 = Release|x64
		{4455EDBE-E271-44AC-B189-7B05D55D2AE7}.Sys|Any CPU.ActiveCfg = Sys|Any CPU
		{4455EDBE-E271-44AC-B189-7B05D55D2AE7}.Sys|Any CPU.Build.0 = Sys|Any CPU
		{4455EDBE-E271-44AC-B189-7B05D55D2AE7}.Sys|x64.ActiveCfg = Sys|x64
		{4455EDBE-E271-44AC-B189-7B05D55D2AE7}.Sys|x64.Build.0 = Sys|x64
		{4455EDBE-E271-44AC-B189-7B05D55D2AE7}.System|Any CPU.ActiveCfg = Sys|Any CPU
		{4455EDBE-E271-44AC-B189-7B05D55D2AE7}.System|Any CPU.Build.0 = Sys|Any CPU
		{4455EDBE-E271-44AC-B189-7B05D55D2AE7}.System|x64.ActiveCfg = Sys|x64
		{4455EDBE-E271-44AC-B189-7B05D55D2AE7}.System|x64.Build.0 = Sys|x64
		{08209C7B-565A-45E5-9268-DC9136365730}.Acc|Any CPU.ActiveCfg = Acc|Any CPU
		{08209C7B-565A-45E5-9268-DC9136365730}.Acc|Any CPU.Build.0 = Acc|Any CPU
		{08209C7B-565A-45E5-9268-DC9136365730}.Acc|x64.ActiveCfg = Acc|x64
		{08209C7B-565A-45E5-9268-DC9136365730}.Acc|x64.Build.0 = Acc|x64
		{08209C7B-565A-45E5-9268-DC9136365730}.Acceptance|Any CPU.ActiveCfg = Acc|Any CPU
		{08209C7B-565A-45E5-9268-DC9136365730}.Acceptance|Any CPU.Build.0 = Acc|Any CPU
		{08209C7B-565A-45E5-9268-DC9136365730}.Acceptance|x64.ActiveCfg = Acc|x64
		{08209C7B-565A-45E5-9268-DC9136365730}.Acceptance|x64.Build.0 = Acc|x64
		{08209C7B-565A-45E5-9268-DC9136365730}.Debug|Any CPU.ActiveCfg = Debug|Any CPU
		{08209C7B-565A-45E5-9268-DC9136365730}.Debug|Any CPU.Build.0 = Debug|Any CPU
		{08209C7B-565A-45E5-9268-DC9136365730}.Debug|x64.ActiveCfg = Debug|x64
		{08209C7B-565A-45E5-9268-DC9136365730}.Debug|x64.Build.0 = Debug|x64
		{08209C7B-565A-45E5-9268-DC9136365730}.Dev|Any CPU.ActiveCfg = Dev|Any CPU
		{08209C7B-565A-45E5-9268-DC9136365730}.Dev|Any CPU.Build.0 = Dev|Any CPU
		{08209C7B-565A-45E5-9268-DC9136365730}.Dev|x64.ActiveCfg = Dev|x64
		{08209C7B-565A-45E5-9268-DC9136365730}.Dev|x64.Build.0 = Dev|x64
		{08209C7B-565A-45E5-9268-DC9136365730}.Development|Any CPU.ActiveCfg = Development|Any CPU
		{08209C7B-565A-45E5-9268-DC9136365730}.Development|Any CPU.Build.0 = Development|Any CPU
		{08209C7B-565A-45E5-9268-DC9136365730}.Development|x64.ActiveCfg = Development|x64
		{08209C7B-565A-45E5-9268-DC9136365730}.Development|x64.Build.0 = Development|x64
		{08209C7B-565A-45E5-9268-DC9136365730}.Edu|Any CPU.ActiveCfg = Edu|Any CPU
		{08209C7B-565A-45E5-9268-DC9136365730}.Edu|Any CPU.Build.0 = Edu|Any CPU
		{08209C7B-565A-45E5-9268-DC9136365730}.Edu|x64.ActiveCfg = Edu|x64
		{08209C7B-565A-45E5-9268-DC9136365730}.Edu|x64.Build.0 = Edu|x64
		{08209C7B-565A-45E5-9268-DC9136365730}.Prd|Any CPU.ActiveCfg = Prd|Any CPU
		{08209C7B-565A-45E5-9268-DC9136365730}.Prd|Any CPU.Build.0 = Prd|Any CPU
		{08209C7B-565A-45E5-9268-DC9136365730}.Prd|x64.ActiveCfg = Prd|x64
		{08209C7B-565A-45E5-9268-DC9136365730}.Prd|x64.Build.0 = Prd|x64
		{08209C7B-565A-45E5-9268-DC9136365730}.Release|Any CPU.ActiveCfg = Release|Any CPU
		{08209C7B-565A-45E5-9268-DC9136365730}.Release|Any CPU.Build.0 = Release|Any CPU
		{08209C7B-565A-45E5-9268-DC9136365730}.Release|x64.ActiveCfg = Release|x64
		{08209C7B-565A-45E5-9268-DC9136365730}.Release|x64.Build.0 = Release|x64
		{08209C7B-565A-45E5-9268-DC9136365730}.Sys|Any CPU.ActiveCfg = Sys|Any CPU
		{08209C7B-565A-45E5-9268-DC9136365730}.Sys|Any CPU.Build.0 = Sys|Any CPU
		{08209C7B-565A-45E5-9268-DC9136365730}.Sys|x64.ActiveCfg = Sys|x64
		{08209C7B-565A-45E5-9268-DC9136365730}.Sys|x64.Build.0 = Sys|x64
		{08209C7B-565A-45E5-9268-DC9136365730}.System|Any CPU.ActiveCfg = Sys|Any CPU
		{08209C7B-565A-45E5-9268-DC9136365730}.System|Any CPU.Build.0 = Sys|Any CPU
		{08209C7B-565A-45E5-9268-DC9136365730}.System|x64.ActiveCfg = Sys|x64
		{08209C7B-565A-45E5-9268-DC9136365730}.System|x64.Build.0 = Sys|x64
	EndGlobalSection
	GlobalSection(SolutionProperties) = preSolution
		HideSolutionNode = FALSE
	EndGlobalSection
	GlobalSection(ExtensibilityGlobals) = postSolution
		SolutionGuid = {A42F9DE8-DC58-4C49-AD55-D5863889B28D}
	EndGlobalSection
EndGlobal
